// !$*UTF8*$!
{
	archiveVersion = 1;
	classes = {
	};
	objectVersion = 50;
	objects = {

/* Begin PBXBuildFile section */
		F496AFA2249074BC00705CB7 /* AppDelegate.swift in Sources */ = {isa = PBXBuildFile; fileRef = F496AFA1249074BC00705CB7 /* AppDelegate.swift */; };
		F496AFA4249074BC00705CB7 /* SceneDelegate.swift in Sources */ = {isa = PBXBuildFile; fileRef = F496AFA3249074BC00705CB7 /* SceneDelegate.swift */; };
		F496AFA9249074BC00705CB7 /* Main.storyboard in Resources */ = {isa = PBXBuildFile; fileRef = F496AFA7249074BC00705CB7 /* Main.storyboard */; };
		F496AFAB249074BD00705CB7 /* Assets.xcassets in Resources */ = {isa = PBXBuildFile; fileRef = F496AFAA249074BD00705CB7 /* Assets.xcassets */; };
		F496AFAE249074BD00705CB7 /* LaunchScreen.storyboard in Resources */ = {isa = PBXBuildFile; fileRef = F496AFAC249074BD00705CB7 /* LaunchScreen.storyboard */; };
		F496AFB6249077AE00705CB7 /* TimeCircuitsViewController.swift in Sources */ = {isa = PBXBuildFile; fileRef = F496AFB5249077AE00705CB7 /* TimeCircuitsViewController.swift */; };
		F496AFB8249077BE00705CB7 /* DatePickerViewController.swift in Sources */ = {isa = PBXBuildFile; fileRef = F496AFB7249077BE00705CB7 /* DatePickerViewController.swift */; };
		F496AFBC2490890E00705CB7 /* digital-7.ttf in Resources */ = {isa = PBXBuildFile; fileRef = F496AFBB249078D700705CB7 /* digital-7.ttf */; };
/* End PBXBuildFile section */

/* Begin PBXFileReference section */
		F496AF9E249074BC00705CB7 /* OutaTime.app */ = {isa = PBXFileReference; explicitFileType = wrapper.application; includeInIndex = 0; path = OutaTime.app; sourceTree = BUILT_PRODUCTS_DIR; };
		F496AFA1249074BC00705CB7 /* AppDelegate.swift */ = {isa = PBXFileReference; lastKnownFileType = sourcecode.swift; path = AppDelegate.swift; sourceTree = "<group>"; };
		F496AFA3249074BC00705CB7 /* SceneDelegate.swift */ = {isa = PBXFileReference; lastKnownFileType = sourcecode.swift; path = SceneDelegate.swift; sourceTree = "<group>"; };
		F496AFA8249074BC00705CB7 /* Base */ = {isa = PBXFileReference; lastKnownFileType = file.storyboard; name = Base; path = Base.lproj/Main.storyboard; sourceTree = "<group>"; };
		F496AFAA249074BD00705CB7 /* Assets.xcassets */ = {isa = PBXFileReference; lastKnownFileType = folder.assetcatalog; path = Assets.xcassets; sourceTree = "<group>"; };
		F496AFAD249074BD00705CB7 /* Base */ = {isa = PBXFileReference; lastKnownFileType = file.storyboard; name = Base; path = Base.lproj/LaunchScreen.storyboard; sourceTree = "<group>"; };
		F496AFAF249074BD00705CB7 /* Info.plist */ = {isa = PBXFileReference; lastKnownFileType = text.plist.xml; path = Info.plist; sourceTree = "<group>"; };
		F496AFB5249077AE00705CB7 /* TimeCircuitsViewController.swift */ = {isa = PBXFileReference; lastKnownFileType = sourcecode.swift; path = TimeCircuitsViewController.swift; sourceTree = "<group>"; };
		F496AFB7249077BE00705CB7 /* DatePickerViewController.swift */ = {isa = PBXFileReference; lastKnownFileType = sourcecode.swift; path = DatePickerViewController.swift; sourceTree = "<group>"; };
		F496AFBB249078D700705CB7 /* digital-7.ttf */ = {isa = PBXFileReference; lastKnownFileType = file; name = "digital-7.ttf"; path = "../../digital-7.ttf"; sourceTree = "<group>"; };
/* End PBXFileReference section */

/* Begin PBXFrameworksBuildPhase section */
		F496AF9B249074BC00705CB7 /* Frameworks */ = {
			isa = PBXFrameworksBuildPhase;
			buildActionMask = 2147483647;
			files = (
			);
			runOnlyForDeploymentPostprocessing = 0;
		};
/* End PBXFrameworksBuildPhase section */

/* Begin PBXGroup section */
		F496AF95249074BC00705CB7 = {
			isa = PBXGroup;
			children = (
				F496AFA0249074BC00705CB7 /* OutaTime */,
				F496AF9F249074BC00705CB7 /* Products */,
			);
			sourceTree = "<group>";
		};
		F496AF9F249074BC00705CB7 /* Products */ = {
			isa = PBXGroup;
			children = (
				F496AF9E249074BC00705CB7 /* OutaTime.app */,
			);
			name = Products;
			sourceTree = "<group>";
		};
		F496AFA0249074BC00705CB7 /* OutaTime */ = {
			isa = PBXGroup;
			children = (
				F496AFA1249074BC00705CB7 /* AppDelegate.swift */,
				F496AFA3249074BC00705CB7 /* SceneDelegate.swift */,
				F496AFBA249077D800705CB7 /* Storyboards */,
				F496AFB9249077C900705CB7 /* View Controllers */,
				F496AFAA249074BD00705CB7 /* Assets.xcassets */,
				F496AFAF249074BD00705CB7 /* Info.plist */,
				F496AFBB249078D700705CB7 /* digital-7.ttf */,
			);
			path = OutaTime;
			sourceTree = "<group>";
		};
		F496AFB9249077C900705CB7 /* View Controllers */ = {
			isa = PBXGroup;
			children = (
				F496AFB5249077AE00705CB7 /* TimeCircuitsViewController.swift */,
				F496AFB7249077BE00705CB7 /* DatePickerViewController.swift */,
			);
			path = "View Controllers";
			sourceTree = "<group>";
		};
		F496AFBA249077D800705CB7 /* Storyboards */ = {
			isa = PBXGroup;
			children = (
				F496AFA7249074BC00705CB7 /* Main.storyboard */,
				F496AFAC249074BD00705CB7 /* LaunchScreen.storyboard */,
			);
			path = Storyboards;
			sourceTree = "<group>";
		};
/* End PBXGroup section */

/* Begin PBXNativeTarget section */
		F496AF9D249074BC00705CB7 /* OutaTime */ = {
			isa = PBXNativeTarget;
			buildConfigurationList = F496AFB2249074BD00705CB7 /* Build configuration list for PBXNativeTarget "OutaTime" */;
			buildPhases = (
				F496AF9A249074BC00705CB7 /* Sources */,
				F496AF9B249074BC00705CB7 /* Frameworks */,
				F496AF9C249074BC00705CB7 /* Resources */,
			);
			buildRules = (
			);
			dependencies = (
			);
			name = OutaTime;
			productName = OutaTime;
			productReference = F496AF9E249074BC00705CB7 /* OutaTime.app */;
			productType = "com.apple.product-type.application";
		};
/* End PBXNativeTarget section */

/* Begin PBXProject section */
		F496AF96249074BC00705CB7 /* Project object */ = {
			isa = PBXProject;
			attributes = {
				LastSwiftUpdateCheck = 1150;
				LastUpgradeCheck = 1150;
				ORGANIZATIONNAME = "Peggy Wollenhaupt";
				TargetAttributes = {
					F496AF9D249074BC00705CB7 = {
						CreatedOnToolsVersion = 11.5;
					};
				};
			};
			buildConfigurationList = F496AF99249074BC00705CB7 /* Build configuration list for PBXProject "OutaTime" */;
			compatibilityVersion = "Xcode 9.3";
			developmentRegion = en;
			hasScannedForEncodings = 0;
			knownRegions = (
				en,
				Base,
			);
			mainGroup = F496AF95249074BC00705CB7;
			productRefGroup = F496AF9F249074BC00705CB7 /* Products */;
			projectDirPath = "";
			projectRoot = "";
			targets = (
				F496AF9D249074BC00705CB7 /* OutaTime */,
			);
		};
/* End PBXProject section */

/* Begin PBXResourcesBuildPhase section */
		F496AF9C249074BC00705CB7 /* Resources */ = {
			isa = PBXResourcesBuildPhase;
			buildActionMask = 2147483647;
			files = (
				F496AFAE249074BD00705CB7 /* LaunchScreen.storyboard in Resources */,
				F496AFAB249074BD00705CB7 /* Assets.xcassets in Resources */,
				F496AFA9249074BC00705CB7 /* Main.storyboard in Resources */,
				F496AFBC2490890E00705CB7 /* digital-7.ttf in Resources */,
			);
			runOnlyForDeploymentPostprocessing = 0;
		};
/* End PBXResourcesBuildPhase section */

/* Begin PBXSourcesBuildPhase section */
		F496AF9A249074BC00705CB7 /* Sources */ = {
			isa = PBXSourcesBuildPhase;
			buildActionMask = 2147483647;
			files = (
				F496AFB8249077BE00705CB7 /* DatePickerViewController.swift in Sources */,
				F496AFB6249077AE00705CB7 /* TimeCircuitsViewController.swift in Sources */,
				F496AFA2249074BC00705CB7 /* AppDelegate.swift in Sources */,
				F496AFA4249074BC00705CB7 /* SceneDelegate.swift in Sources */,
			);
			runOnlyForDeploymentPostprocessing = 0;
		};
/* End PBXSourcesBuildPhase section */

/* Begin PBXVariantGroup section */
		F496AFA7249074BC00705CB7 /* Main.storyboard */ = {
			isa = PBXVariantGroup;
			children = (
				F496AFA8249074BC00705CB7 /* Base */,
			);
			name = Main.storyboard;
			sourceTree = "<group>";
		};
		F496AFAC249074BD00705CB7 /* LaunchScreen.storyboard */ = {
			isa = PBXVariantGroup;
			children = (
				F496AFAD249074BD00705CB7 /* Base */,
			);
			name = LaunchScreen.storyboard;
			sourceTree = "<group>";
		};
/* End PBXVariantGroup section */

/* Begin XCBuildConfiguration section */
		F496AFB0249074BD00705CB7 /* Debug */ = {
			isa = XCBuildConfiguration;
			buildSettings = {
				ALWAYS_SEARCH_USER_PATHS = NO;
				CLANG_ANALYZER_NONNULL = YES;
				CLANG_ANALYZER_NUMBER_OBJECT_CONVERSION = YES_AGGRESSIVE;
				CLANG_CXX_LANGUAGE_STANDARD = "gnu++14";
				CLANG_CXX_LIBRARY = "libc++";
				CLANG_ENABLE_MODULES = YES;
				CLANG_ENABLE_OBJC_ARC = YES;
				CLANG_ENABLE_OBJC_WEAK = YES;
				CLANG_WARN_BLOCK_CAPTURE_AUTORELEASING = YES;
				CLANG_WARN_BOOL_CONVERSION = YES;
				CLANG_WARN_COMMA = YES;
				CLANG_WARN_CONSTANT_CONVERSION = YES;
				CLANG_WARN_DEPRECATED_OBJC_IMPLEMENTATIONS = YES;
				CLANG_WARN_DIRECT_OBJC_ISA_USAGE = YES_ERROR;
				CLANG_WARN_DOCUMENTATION_COMMENTS = YES;
				CLANG_WARN_EMPTY_BODY = YES;
				CLANG_WARN_ENUM_CONVERSION = YES;
				CLANG_WARN_INFINITE_RECURSION = YES;
				CLANG_WARN_INT_CONVERSION = YES;
				CLANG_WARN_NON_LITERAL_NULL_CONVERSION = YES;
				CLANG_WARN_OBJC_IMPLICIT_RETAIN_SELF = YES;
				CLANG_WARN_OBJC_LITERAL_CONVERSION = YES;
				CLANG_WARN_OBJC_ROOT_CLASS = YES_ERROR;
				CLANG_WARN_RANGE_LOOP_ANALYSIS = YES;
				CLANG_WARN_STRICT_PROTOTYPES = YES;
				CLANG_WARN_SUSPICIOUS_MOVE = YES;
				CLANG_WARN_UNGUARDED_AVAILABILITY = YES_AGGRESSIVE;
				CLANG_WARN_UNREACHABLE_CODE = YES;
				CLANG_WARN__DUPLICATE_METHOD_MATCH = YES;
				COPY_PHASE_STRIP = NO;
				DEBUG_INFORMATION_FORMAT = dwarf;
				ENABLE_STRICT_OBJC_MSGSEND = YES;
				ENABLE_TESTABILITY = YES;
				GCC_C_LANGUAGE_STANDARD = gnu11;
				GCC_DYNAMIC_NO_PIC = NO;
				GCC_NO_COMMON_BLOCKS = YES;
				GCC_OPTIMIZATION_LEVEL = 0;
				GCC_PREPROCESSOR_DEFINITIONS = (
					"DEBUG=1",
					"$(inherited)",
				);
				GCC_WARN_64_TO_32_BIT_CONVERSION = YES;
				GCC_WARN_ABOUT_RETURN_TYPE = YES_ERROR;
				GCC_WARN_UNDECLARED_SELECTOR = YES;
				GCC_WARN_UNINITIALIZED_AUTOS = YES_AGGRESSIVE;
				GCC_WARN_UNUSED_FUNCTION = YES;
				GCC_WARN_UNUSED_VARIABLE = YES;
				IPHONEOS_DEPLOYMENT_TARGET = 13.5;
				MTL_ENABLE_DEBUG_INFO = INCLUDE_SOURCE;
				MTL_FAST_MATH = YES;
				ONLY_ACTIVE_ARCH = YES;
				SDKROOT = iphoneos;
				SWIFT_ACTIVE_COMPILATION_CONDITIONS = DEBUG;
				SWIFT_OPTIMIZATION_LEVEL = "-Onone";
			};
			name = Debug;
		};
		F496AFB1249074BD00705CB7 /* Release */ = {
			isa = XCBuildConfiguration;
			buildSettings = {
				ALWAYS_SEARCH_USER_PATHS = NO;
				CLANG_ANALYZER_NONNULL = YES;
				CLANG_ANALYZER_NUMBER_OBJECT_CONVERSION = YES_AGGRESSIVE;
				CLANG_CXX_LANGUAGE_STANDARD = "gnu++14";
				CLANG_CXX_LIBRARY = "libc++";
				CLANG_ENABLE_MODULES = YES;
				CLANG_ENABLE_OBJC_ARC = YES;
				CLANG_ENABLE_OBJC_WEAK = YES;
				CLANG_WARN_BLOCK_CAPTURE_AUTORELEASING = YES;
				CLANG_WARN_BOOL_CONVERSION = YES;
				CLANG_WARN_COMMA = YES;
				CLANG_WARN_CONSTANT_CONVERSION = YES;
				CLANG_WARN_DEPRECATED_OBJC_IMPLEMENTATIONS = YES;
				CLANG_WARN_DIRECT_OBJC_ISA_USAGE = YES_ERROR;
				CLANG_WARN_DOCUMENTATION_COMMENTS = YES;
				CLANG_WARN_EMPTY_BODY = YES;
				CLANG_WARN_ENUM_CONVERSION = YES;
				CLANG_WARN_INFINITE_RECURSION = YES;
				CLANG_WARN_INT_CONVERSION = YES;
				CLANG_WARN_NON_LITERAL_NULL_CONVERSION = YES;
				CLANG_WARN_OBJC_IMPLICIT_RETAIN_SELF = YES;
				CLANG_WARN_OBJC_LITERAL_CONVERSION = YES;
				CLANG_WARN_OBJC_ROOT_CLASS = YES_ERROR;
				CLANG_WARN_RANGE_LOOP_ANALYSIS = YES;
				CLANG_WARN_STRICT_PROTOTYPES = YES;
				CLANG_WARN_SUSPICIOUS_MOVE = YES;
				CLANG_WARN_UNGUARDED_AVAILABILITY = YES_AGGRESSIVE;
				CLANG_WARN_UNREACHABLE_CODE = YES;
				CLANG_WARN__DUPLICATE_METHOD_MATCH = YES;
				COPY_PHASE_STRIP = NO;
				DEBUG_INFORMATION_FORMAT = "dwarf-with-dsym";
				ENABLE_NS_ASSERTIONS = NO;
				ENABLE_STRICT_OBJC_MSGSEND = YES;
				GCC_C_LANGUAGE_STANDARD = gnu11;
				GCC_NO_COMMON_BLOCKS = YES;
				GCC_WARN_64_TO_32_BIT_CONVERSION = YES;
				GCC_WARN_ABOUT_RETURN_TYPE = YES_ERROR;
				GCC_WARN_UNDECLARED_SELECTOR = YES;
				GCC_WARN_UNINITIALIZED_AUTOS = YES_AGGRESSIVE;
				GCC_WARN_UNUSED_FUNCTION = YES;
				GCC_WARN_UNUSED_VARIABLE = YES;
				IPHONEOS_DEPLOYMENT_TARGET = 13.5;
				MTL_ENABLE_DEBUG_INFO = NO;
				MTL_FAST_MATH = YES;
				SDKROOT = iphoneos;
				SWIFT_COMPILATION_MODE = wholemodule;
				SWIFT_OPTIMIZATION_LEVEL = "-O";
				VALIDATE_PRODUCT = YES;
			};
			name = Release;
		};
		F496AFB3249074BD00705CB7 /* Debug */ = {
			isa = XCBuildConfiguration;
			buildSettings = {
				ASSETCATALOG_COMPILER_APPICON_NAME = AppIcon;
				CODE_SIGN_STYLE = Automatic;
				DEVELOPMENT_TEAM = AWA886HZ93;
				INFOPLIST_FILE = OutaTime/Info.plist;
				LD_RUNPATH_SEARCH_PATHS = (
					"$(inherited)",
					"@executable_path/Frameworks",
				);
				PRODUCT_BUNDLE_IDENTIFIER = com.PeggyWollenhaupt.OutaTime;
				PRODUCT_NAME = "$(TARGET_NAME)";
				SWIFT_VERSION = 5.0;
				TARGETED_DEVICE_FAMILY = "1,2";
			};
			name = Debug;
		};
		F496AFB4249074BD00705CB7 /* Release */ = {
			isa = XCBuildConfiguration;
			buildSettings = {
				ASSETCATALOG_COMPILER_APPICON_NAME = AppIcon;
				CODE_SIGN_STYLE = Automatic;
				DEVELOPMENT_TEAM = AWA886HZ93;
				INFOPLIST_FILE = OutaTime/Info.plist;
				LD_RUNPATH_SEARCH_PATHS = (
					"$(inherited)",
					"@executable_path/Frameworks",
				);
				PRODUCT_BUNDLE_IDENTIFIER = com.PeggyWollenhaupt.OutaTime;
				PRODUCT_NAME = "$(TARGET_NAME)";
				SWIFT_VERSION = 5.0;
				TARGETED_DEVICE_FAMILY = "1,2";
			};
			name = Release;
		};
/* End XCBuildConfiguration section */

/* Begin XCConfigurationList section */
		F496AF99249074BC00705CB7 /* Build configuration list for PBXProject "OutaTime" */ = {
			isa = XCConfigurationList;
			buildConfigurations = (
				F496AFB0249074BD00705CB7 /* Debug */,
				F496AFB1249074BD00705CB7 /* Release */,
			);
			defaultConfigurationIsVisible = 0;
			defaultConfigurationName = Release;
		};
		F496AFB2249074BD00705CB7 /* Build configuration list for PBXNativeTarget "OutaTime" */ = {
			isa = XCConfigurationList;
			buildConfigurations = (
				F496AFB3249074BD00705CB7 /* Debug */,
				F496AFB4249074BD00705CB7 /* Release */,
			);
			defaultConfigurationIsVisible = 0;
			defaultConfigurationName = Release;
		};
/* End XCConfigurationList section */
	};
	rootObject = F496AF96249074BC00705CB7 /* Project object */;
}
